<?xml version="1.0" encoding="UTF-8" standalone="yes" ?>
<CodeBlocks_project_file>
	<FileVersion major="1" minor="6" />
	<Project>
		<Option title="Chess" />
		<Option pch_mode="2" />
		<Option compiler="gcc" />
		<Build>
			<Target title="Debug">
				<Option output="bin/Debug/Chess" prefix_auto="1" extension_auto="1" />
				<Option object_output="obj/Debug/" />
				<Option type="1" />
				<Option compiler="gcc" />
				<Compiler>
					<Add option="-g" />
				</Compiler>
			</Target>
			<Target title="Release">
				<Option output="bin/Release/Chess" prefix_auto="1" extension_auto="1" />
				<Option object_output="obj/Release/" />
				<Option type="0" />
				<Option compiler="gcc" />
				<Compiler>
					<Add option="-O2" />
				</Compiler>
				<Linker>
					<Add option="-s" />
				</Linker>
			</Target>
		</Build>
		<Compiler>
			<Add option="-Wall" />
			<Add directory="C:/Program Files/CodeBlocks/MinGW/include" />
		</Compiler>
		<Linker>
			<Add library="mingw32" />
			<Add library="SDL2main" />
			<Add library="SDL2" />
			<Add library="SDL2_gfx" />
			<Add library="SDL2_image" />
			<Add library="SDL2_mixer" />
			<Add library="SDL2_ttf" />
			<Add library="user32" />
			<Add library="gdi32" />
			<Add library="winmm" />
			<Add library="dxguid" />
			<Add directory="C:/Program Files/CodeBlocks/MinGW/lib" />
		</Linker>
		<Unit filename="Control/FileOperations.c">
			<Option compilerVar="CC" />
		</Unit>
		<Unit filename="Control/FileOperations.h" />
		<Unit filename="Control/chess.c">
			<Option compilerVar="CC" />
		</Unit>
		<Unit filename="Control/chess.h" />
		<Unit filename="Extensions/checkFunctions.c">
			<Option compilerVar="CC" />
		</Unit>
		<Unit filename="Extensions/checkFunctions.h" />
		<Unit filename="Init/Initialize.c">
			<Option compilerVar="CC" />
		</Unit>
		<Unit filename="Init/Initialize.h" />
		<Unit filename="Model/ChessBoard.c">
			<Option compilerVar="CC" />
		</Unit>
		<Unit filename="Model/ChessBoard.h" />
		<Unit filename="Model/ChessPieceList.c">
			<Option compilerVar="CC" />
		</Unit>
		<Unit filename="Model/ChessPieceList.h" />
		<Unit filename="Model/Entity.h" />
		<Unit filename="Model/Moves.c">
			<Option compilerVar="CC" />
		</Unit>
		<Unit filename="Model/Moves.h" />
		<Unit filename="View/Display.c">
			<Option compilerVar="CC" />
		</Unit>
		<Unit filename="View/Display.h" />
		<Unit filename="game.c">
			<Option compilerVar="CC" />
		</Unit>
		<Unit filename="game.h" />
		<Unit filename="loadMenu.c">
			<Option compilerVar="CC" />
		</Unit>
		<Unit filename="loadMenu.h" />
		<Unit filename="main.c">
			<Option compilerVar="CC" />
		</Unit>
		<Unit filename="main.h" />
		<Unit filename="menu.c">
			<Option compilerVar="CC" />
		</Unit>
		<Unit filename="menu.h" />
		<Unit filename="replay.c">
			<Option compilerVar="CC" />
		</Unit>
		<Unit filename="replay.h" />
		<Extensions>
			<lib_finder disable_auto="1" />
		</Extensions>
	</Project>
</CodeBlocks_project_file>
